
Microsoft Visual Studio Solution File, Format Version 12.00
# Visual Studio Version 17
VisualStudioVersion = 17.10.35027.167
MinimumVisualStudioVersion = 10.0.40219.1
Project("{FAE04EC0-301F-11D3-BF4B-00C04F79EFBC}") = "NSGA", "NSGA.csproj", "{EE0EBD04-0CFA-4318-9346-D076E49BD658}"
EndProject
Global
	GlobalSection(SolutionConfigurationPlatforms) = preSolution
		Debug|Any CPU = Debug|Any CPU
		Release|Any CPU = Release|Any CPU
	EndGlobalSection
	GlobalSection(ProjectConfigurationPlatforms) = postSolution
		{EE0EBD04-0CFA-4318-9346-D076E49BD658}.Debug|Any CPU.ActiveCfg = Debug|Any CPU
		{EE0EBD04-0CFA-4318-9346-D076E49BD658}.Debug|Any CPU.Build.0 = Debug|Any CPU
		{EE0EBD04-0CFA-4318-9346-D076E49BD658}.Release|Any CPU.ActiveCfg = Release|Any CPU
		{EE0EBD04-0CFA-4318-9346-D076E49BD658}.Release|Any CPU.Build.0 = Release|Any CPU
	EndGlobalSection
	GlobalSection(SolutionProperties) = preSolution
		HideSolutionNode = FALSE
	EndGlobalSection
	GlobalSection(ExtensibilityGlobals) = postSolution
		SolutionGuid = {F0D86860-BA43-47F4-8F5D-2FE513AC3224}
	EndGlobalSection
EndGlobal
